{
  "name": "exampro-contact",
  "version": "1.0.0",
  "lockfileVersion": 1,
  "requires": true,
  "dependencies": {
    "validate.js": {
      "version": "0.12.0",
      "resolved": "https://registry.npmjs.org/validate.js/-/validate.js-0.12.0.tgz",
      "integrity": "sha512-/x2RJSvbqEyxKj0RPN4xaRquK+EggjeVXiDDEyrJzsJogjtiZ9ov7lj/svVb4DM5Q5braQF4cooAryQbUwOxlA=="
    }
  }
}
