{
  "name": "exampro-contact",
  "version": "2.0.0",
  "lockfileVersion": 1,
  "requires": true,
  "dependencies": {
    "validate.js": {
      "version": "0.13.1",
      "resolved": "https://registry.npmjs.org/validate.js/-/validate.js-0.13.1.tgz",
      "integrity": "sha512-PnFM3xiZ+kYmLyTiMgTYmU7ZHkjBZz2/+F0DaALc/uUtVzdCt1wAosvYJ5hFQi/hz8O4zb52FQhHZRC+uVkJ+g=="
    }
  }
}
